
Microsoft Visual Studio Solution File, Format Version 12.00
# Visual Studio Version 16
VisualStudioVersion = 16.0.31624.102
MinimumVisualStudioVersion = 10.0.40219.1
Project("{FAE04EC0-301F-11D3-BF4B-00C04F79EFBC}") = "Ejercicio_01", "Ejercicio_01\Ejercicio_01.csproj", "{08787D2A-9388-4D40-913B-AF7C454284A2}"
EndProject
Global
	GlobalSection(SolutionConfigurationPlatforms) = preSolution
		Debug|Any CPU = Debug|Any CPU
		Release|Any CPU = Release|Any CPU
	EndGlobalSection
	GlobalSection(ProjectConfigurationPlatforms) = postSolution
		{08787D2A-9388-4D40-913B-AF7C454284A2}.Debug|Any CPU.ActiveCfg = Debug|Any CPU
		{08787D2A-9388-4D40-913B-AF7C454284A2}.Debug|Any CPU.Build.0 = Debug|Any CPU
		{08787D2A-9388-4D40-913B-AF7C454284A2}.Release|Any CPU.ActiveCfg = Release|Any CPU
		{08787D2A-9388-4D40-913B-AF7C454284A2}.Release|Any CPU.Build.0 = Release|Any CPU
	EndGlobalSection
	GlobalSection(SolutionProperties) = preSolution
		HideSolutionNode = FALSE
	EndGlobalSection
	GlobalSection(ExtensibilityGlobals) = postSolution
		SolutionGuid = {77CA924E-4E14-4079-BA86-7F452C1D630D}
	EndGlobalSection
EndGlobal
