
Microsoft Visual Studio Solution File, Format Version 12.00
# Visual Studio Version 16
VisualStudioVersion = 16.0.31624.102
MinimumVisualStudioVersion = 10.0.40219.1
Project("{FAE04EC0-301F-11D3-BF4B-00C04F79EFBC}") = "Ejercicio_03", "Ejercicio_03\Ejercicio_03.csproj", "{4F402108-F1B2-422C-90CA-4D0EBF0A7049}"
EndProject
Global
	GlobalSection(SolutionConfigurationPlatforms) = preSolution
		Debug|Any CPU = Debug|Any CPU
		Release|Any CPU = Release|Any CPU
	EndGlobalSection
	GlobalSection(ProjectConfigurationPlatforms) = postSolution
		{4F402108-F1B2-422C-90CA-4D0EBF0A7049}.Debug|Any CPU.ActiveCfg = Debug|Any CPU
		{4F402108-F1B2-422C-90CA-4D0EBF0A7049}.Debug|Any CPU.Build.0 = Debug|Any CPU
		{4F402108-F1B2-422C-90CA-4D0EBF0A7049}.Release|Any CPU.ActiveCfg = Release|Any CPU
		{4F402108-F1B2-422C-90CA-4D0EBF0A7049}.Release|Any CPU.Build.0 = Release|Any CPU
	EndGlobalSection
	GlobalSection(SolutionProperties) = preSolution
		HideSolutionNode = FALSE
	EndGlobalSection
	GlobalSection(ExtensibilityGlobals) = postSolution
		SolutionGuid = {A9A1CE6F-165E-45AC-B8B4-326015EB5683}
	EndGlobalSection
EndGlobal
