
Microsoft Visual Studio Solution File, Format Version 12.00
# Visual Studio Version 16
VisualStudioVersion = 16.0.31624.102
MinimumVisualStudioVersion = 10.0.40219.1
Project("{FAE04EC0-301F-11D3-BF4B-00C04F79EFBC}") = "Ejercicio_01", "Ejercicio_01\Ejercicio_01.csproj", "{F4D842CF-E95D-4C79-BB48-74B27C41BCF1}"
EndProject
Global
	GlobalSection(SolutionConfigurationPlatforms) = preSolution
		Debug|Any CPU = Debug|Any CPU
		Release|Any CPU = Release|Any CPU
	EndGlobalSection
	GlobalSection(ProjectConfigurationPlatforms) = postSolution
		{F4D842CF-E95D-4C79-BB48-74B27C41BCF1}.Debug|Any CPU.ActiveCfg = Debug|Any CPU
		{F4D842CF-E95D-4C79-BB48-74B27C41BCF1}.Debug|Any CPU.Build.0 = Debug|Any CPU
		{F4D842CF-E95D-4C79-BB48-74B27C41BCF1}.Release|Any CPU.ActiveCfg = Release|Any CPU
		{F4D842CF-E95D-4C79-BB48-74B27C41BCF1}.Release|Any CPU.Build.0 = Release|Any CPU
	EndGlobalSection
	GlobalSection(SolutionProperties) = preSolution
		HideSolutionNode = FALSE
	EndGlobalSection
	GlobalSection(ExtensibilityGlobals) = postSolution
		SolutionGuid = {580F6CE4-1B9B-45F0-871D-37ED17A6D29B}
	EndGlobalSection
EndGlobal
