
Microsoft Visual Studio Solution File, Format Version 12.00
# Visual Studio Version 16
VisualStudioVersion = 16.0.31624.102
MinimumVisualStudioVersion = 10.0.40219.1
Project("{FAE04EC0-301F-11D3-BF4B-00C04F79EFBC}") = "Ejercicio_12", "Ejercicio_12\Ejercicio_12.csproj", "{A619ED42-3B57-4386-A484-39CF23B77E2E}"
EndProject
Global
	GlobalSection(SolutionConfigurationPlatforms) = preSolution
		Debug|Any CPU = Debug|Any CPU
		Release|Any CPU = Release|Any CPU
	EndGlobalSection
	GlobalSection(ProjectConfigurationPlatforms) = postSolution
		{A619ED42-3B57-4386-A484-39CF23B77E2E}.Debug|Any CPU.ActiveCfg = Debug|Any CPU
		{A619ED42-3B57-4386-A484-39CF23B77E2E}.Debug|Any CPU.Build.0 = Debug|Any CPU
		{A619ED42-3B57-4386-A484-39CF23B77E2E}.Release|Any CPU.ActiveCfg = Release|Any CPU
		{A619ED42-3B57-4386-A484-39CF23B77E2E}.Release|Any CPU.Build.0 = Release|Any CPU
	EndGlobalSection
	GlobalSection(SolutionProperties) = preSolution
		HideSolutionNode = FALSE
	EndGlobalSection
	GlobalSection(ExtensibilityGlobals) = postSolution
		SolutionGuid = {14D9221E-3859-49DB-9686-36BDB995496A}
	EndGlobalSection
EndGlobal
