
Microsoft Visual Studio Solution File, Format Version 12.00
# Visual Studio Version 16
VisualStudioVersion = 16.0.31624.102
MinimumVisualStudioVersion = 10.0.40219.1
Project("{FAE04EC0-301F-11D3-BF4B-00C04F79EFBC}") = "Ejercicio_11", "Ejercicio_11\Ejercicio_11.csproj", "{93CCB590-8DAB-4A65-A4EF-F77E7534A174}"
EndProject
Global
	GlobalSection(SolutionConfigurationPlatforms) = preSolution
		Debug|Any CPU = Debug|Any CPU
		Release|Any CPU = Release|Any CPU
	EndGlobalSection
	GlobalSection(ProjectConfigurationPlatforms) = postSolution
		{93CCB590-8DAB-4A65-A4EF-F77E7534A174}.Debug|Any CPU.ActiveCfg = Debug|Any CPU
		{93CCB590-8DAB-4A65-A4EF-F77E7534A174}.Debug|Any CPU.Build.0 = Debug|Any CPU
		{93CCB590-8DAB-4A65-A4EF-F77E7534A174}.Release|Any CPU.ActiveCfg = Release|Any CPU
		{93CCB590-8DAB-4A65-A4EF-F77E7534A174}.Release|Any CPU.Build.0 = Release|Any CPU
	EndGlobalSection
	GlobalSection(SolutionProperties) = preSolution
		HideSolutionNode = FALSE
	EndGlobalSection
	GlobalSection(ExtensibilityGlobals) = postSolution
		SolutionGuid = {36057DB2-AC27-4956-B784-500277074915}
	EndGlobalSection
EndGlobal
