
Microsoft Visual Studio Solution File, Format Version 12.00
# Visual Studio Version 16
VisualStudioVersion = 16.0.31624.102
MinimumVisualStudioVersion = 10.0.40219.1
Project("{FAE04EC0-301F-11D3-BF4B-00C04F79EFBC}") = "Ejercicio_02", "Ejercicio_02\Ejercicio_02.csproj", "{53BCE3FB-8405-474D-8F4D-6742F4F49BBF}"
EndProject
Global
	GlobalSection(SolutionConfigurationPlatforms) = preSolution
		Debug|Any CPU = Debug|Any CPU
		Release|Any CPU = Release|Any CPU
	EndGlobalSection
	GlobalSection(ProjectConfigurationPlatforms) = postSolution
		{53BCE3FB-8405-474D-8F4D-6742F4F49BBF}.Debug|Any CPU.ActiveCfg = Debug|Any CPU
		{53BCE3FB-8405-474D-8F4D-6742F4F49BBF}.Debug|Any CPU.Build.0 = Debug|Any CPU
		{53BCE3FB-8405-474D-8F4D-6742F4F49BBF}.Release|Any CPU.ActiveCfg = Release|Any CPU
		{53BCE3FB-8405-474D-8F4D-6742F4F49BBF}.Release|Any CPU.Build.0 = Release|Any CPU
	EndGlobalSection
	GlobalSection(SolutionProperties) = preSolution
		HideSolutionNode = FALSE
	EndGlobalSection
	GlobalSection(ExtensibilityGlobals) = postSolution
		SolutionGuid = {20127471-339D-4425-8DE7-B89297ECDC9E}
	EndGlobalSection
EndGlobal
