
Microsoft Visual Studio Solution File, Format Version 12.00
# Visual Studio Version 16
VisualStudioVersion = 16.0.31624.102
MinimumVisualStudioVersion = 10.0.40219.1
Project("{FAE04EC0-301F-11D3-BF4B-00C04F79EFBC}") = "Act1_eje5", "Act1_eje5\Act1_eje5.csproj", "{49C2F170-B53D-48B4-A89B-DA9188886025}"
EndProject
Global
	GlobalSection(SolutionConfigurationPlatforms) = preSolution
		Debug|Any CPU = Debug|Any CPU
		Release|Any CPU = Release|Any CPU
	EndGlobalSection
	GlobalSection(ProjectConfigurationPlatforms) = postSolution
		{49C2F170-B53D-48B4-A89B-DA9188886025}.Debug|Any CPU.ActiveCfg = Debug|Any CPU
		{49C2F170-B53D-48B4-A89B-DA9188886025}.Debug|Any CPU.Build.0 = Debug|Any CPU
		{49C2F170-B53D-48B4-A89B-DA9188886025}.Release|Any CPU.ActiveCfg = Release|Any CPU
		{49C2F170-B53D-48B4-A89B-DA9188886025}.Release|Any CPU.Build.0 = Release|Any CPU
	EndGlobalSection
	GlobalSection(SolutionProperties) = preSolution
		HideSolutionNode = FALSE
	EndGlobalSection
	GlobalSection(ExtensibilityGlobals) = postSolution
		SolutionGuid = {9BD2DB5C-304A-437F-A8D9-72FEC2F2332A}
	EndGlobalSection
EndGlobal
