
Microsoft Visual Studio Solution File, Format Version 12.00
# Visual Studio Version 16
VisualStudioVersion = 16.0.31624.102
MinimumVisualStudioVersion = 10.0.40219.1
Project("{FAE04EC0-301F-11D3-BF4B-00C04F79EFBC}") = "Ejercicio_07", "Ejercicio_07\Ejercicio_07.csproj", "{D928FDFA-B8B2-4D3C-9EA3-43DF27C2DAD2}"
EndProject
Global
	GlobalSection(SolutionConfigurationPlatforms) = preSolution
		Debug|Any CPU = Debug|Any CPU
		Release|Any CPU = Release|Any CPU
	EndGlobalSection
	GlobalSection(ProjectConfigurationPlatforms) = postSolution
		{D928FDFA-B8B2-4D3C-9EA3-43DF27C2DAD2}.Debug|Any CPU.ActiveCfg = Debug|Any CPU
		{D928FDFA-B8B2-4D3C-9EA3-43DF27C2DAD2}.Debug|Any CPU.Build.0 = Debug|Any CPU
		{D928FDFA-B8B2-4D3C-9EA3-43DF27C2DAD2}.Release|Any CPU.ActiveCfg = Release|Any CPU
		{D928FDFA-B8B2-4D3C-9EA3-43DF27C2DAD2}.Release|Any CPU.Build.0 = Release|Any CPU
	EndGlobalSection
	GlobalSection(SolutionProperties) = preSolution
		HideSolutionNode = FALSE
	EndGlobalSection
	GlobalSection(ExtensibilityGlobals) = postSolution
		SolutionGuid = {F8855489-D917-4568-AD2A-6C29CCB344B2}
	EndGlobalSection
EndGlobal
