
Microsoft Visual Studio Solution File, Format Version 12.00
# Visual Studio Version 16
VisualStudioVersion = 16.0.31624.102
MinimumVisualStudioVersion = 10.0.40219.1
Project("{FAE04EC0-301F-11D3-BF4B-00C04F79EFBC}") = "Ejercicio_14", "Ejercicio_14\Ejercicio_14.csproj", "{95566ABD-112C-4554-9B63-AE119067894B}"
EndProject
Global
	GlobalSection(SolutionConfigurationPlatforms) = preSolution
		Debug|Any CPU = Debug|Any CPU
		Release|Any CPU = Release|Any CPU
	EndGlobalSection
	GlobalSection(ProjectConfigurationPlatforms) = postSolution
		{95566ABD-112C-4554-9B63-AE119067894B}.Debug|Any CPU.ActiveCfg = Debug|Any CPU
		{95566ABD-112C-4554-9B63-AE119067894B}.Debug|Any CPU.Build.0 = Debug|Any CPU
		{95566ABD-112C-4554-9B63-AE119067894B}.Release|Any CPU.ActiveCfg = Release|Any CPU
		{95566ABD-112C-4554-9B63-AE119067894B}.Release|Any CPU.Build.0 = Release|Any CPU
	EndGlobalSection
	GlobalSection(SolutionProperties) = preSolution
		HideSolutionNode = FALSE
	EndGlobalSection
	GlobalSection(ExtensibilityGlobals) = postSolution
		SolutionGuid = {447D7CD2-B5B5-419D-AA6B-3E6FB8DF2EE6}
	EndGlobalSection
EndGlobal
