
Microsoft Visual Studio Solution File, Format Version 12.00
# Visual Studio Version 16
VisualStudioVersion = 16.0.31624.102
MinimumVisualStudioVersion = 10.0.40219.1
Project("{FAE04EC0-301F-11D3-BF4B-00C04F79EFBC}") = "Act1_eje3", "Act1_eje3\Act1_eje3.csproj", "{0D9C0032-6624-4237-8DDA-AD701AD34D95}"
EndProject
Global
	GlobalSection(SolutionConfigurationPlatforms) = preSolution
		Debug|Any CPU = Debug|Any CPU
		Release|Any CPU = Release|Any CPU
	EndGlobalSection
	GlobalSection(ProjectConfigurationPlatforms) = postSolution
		{0D9C0032-6624-4237-8DDA-AD701AD34D95}.Debug|Any CPU.ActiveCfg = Debug|Any CPU
		{0D9C0032-6624-4237-8DDA-AD701AD34D95}.Debug|Any CPU.Build.0 = Debug|Any CPU
		{0D9C0032-6624-4237-8DDA-AD701AD34D95}.Release|Any CPU.ActiveCfg = Release|Any CPU
		{0D9C0032-6624-4237-8DDA-AD701AD34D95}.Release|Any CPU.Build.0 = Release|Any CPU
	EndGlobalSection
	GlobalSection(SolutionProperties) = preSolution
		HideSolutionNode = FALSE
	EndGlobalSection
	GlobalSection(ExtensibilityGlobals) = postSolution
		SolutionGuid = {90A1CB21-5759-4822-8C71-5C724B031FE5}
	EndGlobalSection
EndGlobal
