
Microsoft Visual Studio Solution File, Format Version 12.00
# Visual Studio Version 16
VisualStudioVersion = 16.0.31624.102
MinimumVisualStudioVersion = 10.0.40219.1
Project("{FAE04EC0-301F-11D3-BF4B-00C04F79EFBC}") = "Ejercicio_12", "Ejercicio_12\Ejercicio_12.csproj", "{0CA57931-0DB7-4891-B79F-3E677EFFD6E5}"
EndProject
Global
	GlobalSection(SolutionConfigurationPlatforms) = preSolution
		Debug|Any CPU = Debug|Any CPU
		Release|Any CPU = Release|Any CPU
	EndGlobalSection
	GlobalSection(ProjectConfigurationPlatforms) = postSolution
		{0CA57931-0DB7-4891-B79F-3E677EFFD6E5}.Debug|Any CPU.ActiveCfg = Debug|Any CPU
		{0CA57931-0DB7-4891-B79F-3E677EFFD6E5}.Debug|Any CPU.Build.0 = Debug|Any CPU
		{0CA57931-0DB7-4891-B79F-3E677EFFD6E5}.Release|Any CPU.ActiveCfg = Release|Any CPU
		{0CA57931-0DB7-4891-B79F-3E677EFFD6E5}.Release|Any CPU.Build.0 = Release|Any CPU
	EndGlobalSection
	GlobalSection(SolutionProperties) = preSolution
		HideSolutionNode = FALSE
	EndGlobalSection
	GlobalSection(ExtensibilityGlobals) = postSolution
		SolutionGuid = {B9A01C2D-CA39-4552-A058-7B5A191B28D6}
	EndGlobalSection
EndGlobal
