
Microsoft Visual Studio Solution File, Format Version 12.00
# Visual Studio Version 16
VisualStudioVersion = 16.0.31624.102
MinimumVisualStudioVersion = 10.0.40219.1
Project("{FAE04EC0-301F-11D3-BF4B-00C04F79EFBC}") = "Ejercicio_10", "Ejercicio_10\Ejercicio_10.csproj", "{424AF073-AD4E-4318-8195-C9347A29A244}"
EndProject
Global
	GlobalSection(SolutionConfigurationPlatforms) = preSolution
		Debug|Any CPU = Debug|Any CPU
		Release|Any CPU = Release|Any CPU
	EndGlobalSection
	GlobalSection(ProjectConfigurationPlatforms) = postSolution
		{424AF073-AD4E-4318-8195-C9347A29A244}.Debug|Any CPU.ActiveCfg = Debug|Any CPU
		{424AF073-AD4E-4318-8195-C9347A29A244}.Debug|Any CPU.Build.0 = Debug|Any CPU
		{424AF073-AD4E-4318-8195-C9347A29A244}.Release|Any CPU.ActiveCfg = Release|Any CPU
		{424AF073-AD4E-4318-8195-C9347A29A244}.Release|Any CPU.Build.0 = Release|Any CPU
	EndGlobalSection
	GlobalSection(SolutionProperties) = preSolution
		HideSolutionNode = FALSE
	EndGlobalSection
	GlobalSection(ExtensibilityGlobals) = postSolution
		SolutionGuid = {C8A338EA-5B5F-4F9B-A2AC-2629DCE720A8}
	EndGlobalSection
EndGlobal
