
Microsoft Visual Studio Solution File, Format Version 12.00
# Visual Studio Version 16
VisualStudioVersion = 16.0.31624.102
MinimumVisualStudioVersion = 10.0.40219.1
Project("{FAE04EC0-301F-11D3-BF4B-00C04F79EFBC}") = "Ejercicio_06", "Ejercicio_06\Ejercicio_06.csproj", "{48484C0C-4C25-4A6F-A1A1-2A8BD08BAC29}"
EndProject
Global
	GlobalSection(SolutionConfigurationPlatforms) = preSolution
		Debug|Any CPU = Debug|Any CPU
		Release|Any CPU = Release|Any CPU
	EndGlobalSection
	GlobalSection(ProjectConfigurationPlatforms) = postSolution
		{48484C0C-4C25-4A6F-A1A1-2A8BD08BAC29}.Debug|Any CPU.ActiveCfg = Debug|Any CPU
		{48484C0C-4C25-4A6F-A1A1-2A8BD08BAC29}.Debug|Any CPU.Build.0 = Debug|Any CPU
		{48484C0C-4C25-4A6F-A1A1-2A8BD08BAC29}.Release|Any CPU.ActiveCfg = Release|Any CPU
		{48484C0C-4C25-4A6F-A1A1-2A8BD08BAC29}.Release|Any CPU.Build.0 = Release|Any CPU
	EndGlobalSection
	GlobalSection(SolutionProperties) = preSolution
		HideSolutionNode = FALSE
	EndGlobalSection
	GlobalSection(ExtensibilityGlobals) = postSolution
		SolutionGuid = {D640F00C-BE5A-4ABF-9DCF-297803E34FD3}
	EndGlobalSection
EndGlobal
