
Microsoft Visual Studio Solution File, Format Version 12.00
# Visual Studio Version 16
VisualStudioVersion = 16.0.31624.102
MinimumVisualStudioVersion = 10.0.40219.1
Project("{FAE04EC0-301F-11D3-BF4B-00C04F79EFBC}") = "Ejercicio_16", "Ejercicio_16\Ejercicio_16.csproj", "{31D926B6-2BB6-4E46-AFFC-0567BE52C34A}"
EndProject
Global
	GlobalSection(SolutionConfigurationPlatforms) = preSolution
		Debug|Any CPU = Debug|Any CPU
		Release|Any CPU = Release|Any CPU
	EndGlobalSection
	GlobalSection(ProjectConfigurationPlatforms) = postSolution
		{31D926B6-2BB6-4E46-AFFC-0567BE52C34A}.Debug|Any CPU.ActiveCfg = Debug|Any CPU
		{31D926B6-2BB6-4E46-AFFC-0567BE52C34A}.Debug|Any CPU.Build.0 = Debug|Any CPU
		{31D926B6-2BB6-4E46-AFFC-0567BE52C34A}.Release|Any CPU.ActiveCfg = Release|Any CPU
		{31D926B6-2BB6-4E46-AFFC-0567BE52C34A}.Release|Any CPU.Build.0 = Release|Any CPU
	EndGlobalSection
	GlobalSection(SolutionProperties) = preSolution
		HideSolutionNode = FALSE
	EndGlobalSection
	GlobalSection(ExtensibilityGlobals) = postSolution
		SolutionGuid = {309553F1-4AF7-48BC-952F-0C5D7C370CB5}
	EndGlobalSection
EndGlobal
