
Microsoft Visual Studio Solution File, Format Version 12.00
# Visual Studio Version 16
VisualStudioVersion = 16.0.31624.102
MinimumVisualStudioVersion = 10.0.40219.1
Project("{FAE04EC0-301F-11D3-BF4B-00C04F79EFBC}") = "Ejercicio_09", "Ejercicio_09\Ejercicio_09.csproj", "{84D17C5A-1AC0-4927-B254-B07D0590CD27}"
EndProject
Global
	GlobalSection(SolutionConfigurationPlatforms) = preSolution
		Debug|Any CPU = Debug|Any CPU
		Release|Any CPU = Release|Any CPU
	EndGlobalSection
	GlobalSection(ProjectConfigurationPlatforms) = postSolution
		{84D17C5A-1AC0-4927-B254-B07D0590CD27}.Debug|Any CPU.ActiveCfg = Debug|Any CPU
		{84D17C5A-1AC0-4927-B254-B07D0590CD27}.Debug|Any CPU.Build.0 = Debug|Any CPU
		{84D17C5A-1AC0-4927-B254-B07D0590CD27}.Release|Any CPU.ActiveCfg = Release|Any CPU
		{84D17C5A-1AC0-4927-B254-B07D0590CD27}.Release|Any CPU.Build.0 = Release|Any CPU
	EndGlobalSection
	GlobalSection(SolutionProperties) = preSolution
		HideSolutionNode = FALSE
	EndGlobalSection
	GlobalSection(ExtensibilityGlobals) = postSolution
		SolutionGuid = {276F2813-DA1B-4190-9434-8ACAA50C0FF8}
	EndGlobalSection
EndGlobal
